PODS:
  - app_settings (5.1.1):
    - Flutter
  - connectivity_plus (0.0.1):
    - Flutter
  - Flutter (1.0.0)
  - flutter_email_sender (0.0.1):
    - Flutter
  - flutter_keyboard_visibility (0.0.1):
    - Flutter
  - flutter_local_notifications (0.0.1):
    - Flutter
  - flutter_timezone (0.0.1):
    - Flutter
  - purchases_flutter (8.6.1):
    - Flutter
    - PurchasesHybridCommon (= 13.25.0)
  - purchases_ui_flutter (8.6.1):
    - Flutter
    - PurchasesHybridCommonUI (= 13.25.0)
  - PurchasesHybridCommon (13.25.0):
    - RevenueCat (= 5.19.0)
  - PurchasesHybridCommonUI (13.25.0):
    - PurchasesHybridCommon (= 13.25.0)
    - RevenueCatUI (= 5.19.0)
  - RevenueCat (5.19.0)
  - RevenueCatUI (5.19.0):
    - RevenueCat (= 5.19.0)
  - shared_preferences_foundation (0.0.1):
    - Flutter
    - FlutterMacOS
  - speech_to_text (0.0.1):
    - Flutter
    - FlutterMacOS
    - Try
  - store_redirect (0.0.1):
    - Flutter
  - Try (2.1.1)
  - workmanager_apple (0.0.1):
    - Flutter

DEPENDENCIES:
  - app_settings (from `.symlinks/plugins/app_settings/ios`)
  - connectivity_plus (from `.symlinks/plugins/connectivity_plus/ios`)
  - Flutter (from `Flutter`)
  - flutter_email_sender (from `.symlinks/plugins/flutter_email_sender/ios`)
  - flutter_keyboard_visibility (from `.symlinks/plugins/flutter_keyboard_visibility/ios`)
  - flutter_local_notifications (from `.symlinks/plugins/flutter_local_notifications/ios`)
  - flutter_timezone (from `.symlinks/plugins/flutter_timezone/ios`)
  - purchases_flutter (from `.symlinks/plugins/purchases_flutter/ios`)
  - purchases_ui_flutter (from `.symlinks/plugins/purchases_ui_flutter/ios`)
  - shared_preferences_foundation (from `.symlinks/plugins/shared_preferences_foundation/darwin`)
  - speech_to_text (from `.symlinks/plugins/speech_to_text/darwin`)
  - store_redirect (from `.symlinks/plugins/store_redirect/ios`)
  - workmanager_apple (from `.symlinks/plugins/workmanager_apple/ios`)

SPEC REPOS:
  trunk:
    - PurchasesHybridCommon
    - PurchasesHybridCommonUI
    - RevenueCat
    - RevenueCatUI
    - Try

EXTERNAL SOURCES:
  app_settings:
    :path: ".symlinks/plugins/app_settings/ios"
  connectivity_plus:
    :path: ".symlinks/plugins/connectivity_plus/ios"
  Flutter:
    :path: Flutter
  flutter_email_sender:
    :path: ".symlinks/plugins/flutter_email_sender/ios"
  flutter_keyboard_visibility:
    :path: ".symlinks/plugins/flutter_keyboard_visibility/ios"
  flutter_local_notifications:
    :path: ".symlinks/plugins/flutter_local_notifications/ios"
  flutter_timezone:
    :path: ".symlinks/plugins/flutter_timezone/ios"
  purchases_flutter:
    :path: ".symlinks/plugins/purchases_flutter/ios"
  purchases_ui_flutter:
    :path: ".symlinks/plugins/purchases_ui_flutter/ios"
  shared_preferences_foundation:
    :path: ".symlinks/plugins/shared_preferences_foundation/darwin"
  speech_to_text:
    :path: ".symlinks/plugins/speech_to_text/darwin"
  store_redirect:
    :path: ".symlinks/plugins/store_redirect/ios"
  workmanager_apple:
    :path: ".symlinks/plugins/workmanager_apple/ios"

SPEC CHECKSUMS:
  app_settings: 5127ae0678de1dcc19f2293271c51d37c89428b2
  connectivity_plus: cb623214f4e1f6ef8fe7403d580fdad517d2f7dd
  Flutter: cabc95a1d2626b1b06e7179b784ebcf0c0cde467
  flutter_email_sender: aa1e9772696691d02cd91fea829856c11efb8e58
  flutter_keyboard_visibility: 4625131e43015dbbe759d9b20daaf77e0e3f6619
  flutter_local_notifications: a5a732f069baa862e728d839dd2ebb904737effb
  flutter_timezone: 7c838e17ffd4645d261e87037e5bebf6d38fe544
  purchases_flutter: da84b1c99daa6c94f77c4e812b5a096ea8eb9916
  purchases_ui_flutter: 2f664731a6d793e4a6eeaaee323eea5bd1292649
  PurchasesHybridCommon: f27e7fe57a9934319373b10c260db5d6c10bbb64
  PurchasesHybridCommonUI: 57b87f2e4feb1a9337e1f19f9b84cad5a16da970
  RevenueCat: 4be87c151dff652d2a5b7af46073db11f01ad93f
  RevenueCatUI: 79372219c99e2d08eed0a0607004ca0872a17fd5
  shared_preferences_foundation: 9e1978ff2562383bd5676f64ec4e9aa8fa06a6f7
  speech_to_text: 9dc43a5df3cbc2813f8c7cc9bd0fbf94268ed7ac
  store_redirect: 55fd455802ceab09803b2df6e68f19a58815266a
  Try: 5ef669ae832617b3cee58cb2c6f99fb767a4ff96
  workmanager_apple: 904529ae31e97fc5be632cf628507652294a0778

PODFILE CHECKSUM: e30f02f9d1c72c47bb6344a0a748c9d268180865

COCOAPODS: 1.16.2
